PODS:
  - MJRefresh (3.1.15.3)
  - RxCocoa (4.2.0):
    - RxSwift (~> 4.0)
  - RxSwift (4.2.0)

DEPENDENCIES:
  - MJRefresh
  - RxCocoa
  - RxSwift

SPEC REPOS:
  https://github.com/cocoapods/specs.git:
    - MJRefresh
    - RxCocoa
    - RxSwift

SPEC CHECKSUMS:
  MJRefresh: b48380ae2b927b46c4ef000de9adb8dc748e1df7
  RxCocoa: 0b54909c902e1e581212a03e690bbd94032d8baa
  RxSwift: 99e10317ddfcc7fbe01356aafd118fde4a0be104

PODFILE CHECKSUM: 13225f0f911a96d3b129f03e4d87e8019eaaeba3

COCOAPODS: 1.5.3
